// !$*UTF8*$!
{
	archiveVersion = 1;
	classes = {
	};
	objectVersion = 55;
	objects = {

/* Begin PBXBuildFile section */
		B8656B9A2819570F004B6BE0 /* Apollo in Frameworks */ = {isa = PBXBuildFile; productRef = B8656B992819570F004B6BE0 /* Apollo */; };
		B88ADB0B280D9937008A057F /* SnapKit in Frameworks */ = {isa = PBXBuildFile; productRef = B88ADB0A280D9937008A057F /* SnapKit */; };
		B88ADB0D280D9947008A057F /* RickAndMortyViewController.swift in Sources */ = {isa = PBXBuildFile; fileRef = B88ADB0C280D9947008A057F /* RickAndMortyViewController.swift */; };
		B892DB7C280FF5EF00439DBD /* RickandMortyService.swift in Sources */ = {isa = PBXBuildFile; fileRef = B892DB7B280FF5EF00439DBD /* RickandMortyService.swift */; };
		B892DB81281002F500439DBD /* Alamofire in Frameworks */ = {isa = PBXBuildFile; productRef = B892DB80281002F500439DBD /* Alamofire */; };
		B892DB842810034A00439DBD /* AlamofireImage in Frameworks */ = {isa = PBXBuildFile; productRef = B892DB832810034A00439DBD /* AlamofireImage */; };
		B892DB862810079300439DBD /* RickandMortyViewModel.swift in Sources */ = {isa = PBXBuildFile; fileRef = B892DB852810079300439DBD /* RickandMortyViewModel.swift */; };
		B892DB882810303600439DBD /* RickandMortyTableViewCell.swift in Sources */ = {isa = PBXBuildFile; fileRef = B892DB872810303600439DBD /* RickandMortyTableViewCell.swift */; };
		B8DF936C280D988000521BDC /* AppDelegate.swift in Sources */ = {isa = PBXBuildFile; fileRef = B8DF936B280D988000521BDC /* AppDelegate.swift */; };
		B8DF936E280D988000521BDC /* SceneDelegate.swift in Sources */ = {isa = PBXBuildFile; fileRef = B8DF936D280D988000521BDC /* SceneDelegate.swift */; };
		B8DF9375280D988100521BDC /* Assets.xcassets in Resources */ = {isa = PBXBuildFile; fileRef = B8DF9374280D988100521BDC /* Assets.xcassets */; };
		B8DF9378280D988100521BDC /* LaunchScreen.storyboard in Resources */ = {isa = PBXBuildFile; fileRef = B8DF9376280D988100521BDC /* LaunchScreen.storyboard */; };
		B8EBE9C528196A9A00D9DD19 /* schema.json in Resources */ = {isa = PBXBuildFile; fileRef = B8EBE9C428196A9A00D9DD19 /* schema.json */; };
		B8EBE9C728196B1300D9DD19 /* Queries.graphql in Resources */ = {isa = PBXBuildFile; fileRef = B8EBE9C628196B1300D9DD19 /* Queries.graphql */; };
		B8EBE9C928196C6200D9DD19 /* API.swift in Sources */ = {isa = PBXBuildFile; fileRef = B8EBE9C828196C6200D9DD19 /* API.swift */; };
		B8EBE9CB28196CA200D9DD19 /* Apollo.swift in Sources */ = {isa = PBXBuildFile; fileRef = B8EBE9CA28196CA200D9DD19 /* Apollo.swift */; };
		B8EBE9D12819924500D9DD19 /* UIView.swift in Sources */ = {isa = PBXBuildFile; fileRef = B8EBE9D02819924500D9DD19 /* UIView.swift */; };
		B8EBE9D3281A8F5B00D9DD19 /* Font.swift in Sources */ = {isa = PBXBuildFile; fileRef = B8EBE9D2281A8F5B00D9DD19 /* Font.swift */; };
		B8EBE9D5281AA2B000D9DD19 /* PopupView.swift in Sources */ = {isa = PBXBuildFile; fileRef = B8EBE9D4281AA2B000D9DD19 /* PopupView.swift */; };
/* End PBXBuildFile section */

/* Begin PBXFileReference section */
		B88ADB0C280D9947008A057F /* RickAndMortyViewController.swift */ = {isa = PBXFileReference; lastKnownFileType = sourcecode.swift; path = RickAndMortyViewController.swift; sourceTree = "<group>"; };
		B892DB7B280FF5EF00439DBD /* RickandMortyService.swift */ = {isa = PBXFileReference; lastKnownFileType = sourcecode.swift; path = RickandMortyService.swift; sourceTree = "<group>"; };
		B892DB852810079300439DBD /* RickandMortyViewModel.swift */ = {isa = PBXFileReference; lastKnownFileType = sourcecode.swift; path = RickandMortyViewModel.swift; sourceTree = "<group>"; };
		B892DB872810303600439DBD /* RickandMortyTableViewCell.swift */ = {isa = PBXFileReference; lastKnownFileType = sourcecode.swift; path = RickandMortyTableViewCell.swift; sourceTree = "<group>"; };
		B8DF9368280D988000521BDC /* RickAndMorty.app */ = {isa = PBXFileReference; explicitFileType = wrapper.application; includeInIndex = 0; path = RickAndMorty.app; sourceTree = BUILT_PRODUCTS_DIR; };
		B8DF936B280D988000521BDC /* AppDelegate.swift */ = {isa = PBXFileReference; lastKnownFileType = sourcecode.swift; path = AppDelegate.swift; sourceTree = "<group>"; };
		B8DF936D280D988000521BDC /* SceneDelegate.swift */ = {isa = PBXFileReference; lastKnownFileType = sourcecode.swift; path = SceneDelegate.swift; sourceTree = "<group>"; };
		B8DF9374280D988100521BDC /* Assets.xcassets */ = {isa = PBXFileReference; lastKnownFileType = folder.assetcatalog; path = Assets.xcassets; sourceTree = "<group>"; };
		B8DF9377280D988100521BDC /* Base */ = {isa = PBXFileReference; lastKnownFileType = file.storyboard; name = Base; path = Base.lproj/LaunchScreen.storyboard; sourceTree = "<group>"; };
		B8DF9379280D988100521BDC /* Info.plist */ = {isa = PBXFileReference; lastKnownFileType = text.plist.xml; path = Info.plist; sourceTree = "<group>"; };
		B8EBE9C428196A9A00D9DD19 /* schema.json */ = {isa = PBXFileReference; fileEncoding = 4; lastKnownFileType = text.json; path = schema.json; sourceTree = "<group>"; };
		B8EBE9C628196B1300D9DD19 /* Queries.graphql */ = {isa = PBXFileReference; lastKnownFileType = text; path = Queries.graphql; sourceTree = "<group>"; };
		B8EBE9C828196C6200D9DD19 /* API.swift */ = {isa = PBXFileReference; fileEncoding = 4; lastKnownFileType = sourcecode.swift; name = API.swift; path = RickAndMorty/API.swift; sourceTree = SOURCE_ROOT; };
		B8EBE9CA28196CA200D9DD19 /* Apollo.swift */ = {isa = PBXFileReference; lastKnownFileType = sourcecode.swift; path = Apollo.swift; sourceTree = "<group>"; };
		B8EBE9D02819924500D9DD19 /* UIView.swift */ = {isa = PBXFileReference; lastKnownFileType = sourcecode.swift; path = UIView.swift; sourceTree = "<group>"; };
		B8EBE9D2281A8F5B00D9DD19 /* Font.swift */ = {isa = PBXFileReference; lastKnownFileType = sourcecode.swift; path = Font.swift; sourceTree = "<group>"; };
		B8EBE9D4281AA2B000D9DD19 /* PopupView.swift */ = {isa = PBXFileReference; lastKnownFileType = sourcecode.swift; path = PopupView.swift; sourceTree = "<group>"; };
/* End PBXFileReference section */

/* Begin PBXFrameworksBuildPhase section */
		B8DF9365280D988000521BDC /* Frameworks */ = {
			isa = PBXFrameworksBuildPhase;
			buildActionMask = 2147483647;
			files = (
				B88ADB0B280D9937008A057F /* SnapKit in Frameworks */,
				B8656B9A2819570F004B6BE0 /* Apollo in Frameworks */,
				B892DB81281002F500439DBD /* Alamofire in Frameworks */,
				B892DB842810034A00439DBD /* AlamofireImage in Frameworks */,
			);
			runOnlyForDeploymentPostprocessing = 0;
		};
/* End PBXFrameworksBuildPhase section */

/* Begin PBXGroup section */
		B8656B9E28195957004B6BE0 /* GraphQL */ = {
			isa = PBXGroup;
			children = (
				B8EBE9C628196B1300D9DD19 /* Queries.graphql */,
				B8EBE9C828196C6200D9DD19 /* API.swift */,
				B8EBE9CA28196CA200D9DD19 /* Apollo.swift */,
			);
			path = GraphQL;
			sourceTree = "<group>";
		};
		B8DF935F280D988000521BDC = {
			isa = PBXGroup;
			children = (
				B8DF936A280D988000521BDC /* RickAndMorty */,
				B8DF9369280D988000521BDC /* Products */,
			);
			sourceTree = "<group>";
		};
		B8DF9369280D988000521BDC /* Products */ = {
			isa = PBXGroup;
			children = (
				B8DF9368280D988000521BDC /* RickAndMorty.app */,
			);
			name = Products;
			sourceTree = "<group>";
		};
		B8DF936A280D988000521BDC /* RickAndMorty */ = {
			isa = PBXGroup;
			children = (
				B8DF9384280D98AC00521BDC /* Core */,
				B8DF937F280D989300521BDC /* RickAndMorty */,
				B8EBE9C428196A9A00D9DD19 /* schema.json */,
			);
			path = RickAndMorty;
			sourceTree = "<group>";
		};
		B8DF937F280D989300521BDC /* RickAndMorty */ = {
			isa = PBXGroup;
			children = (
				B8EBE9CF2819923A00D9DD19 /* Utils */,
				B8EBE9CC28198AD700D9DD19 /* Model */,
				B8DF9383280D98A600521BDC /* Service */,
				B8DF9382280D98A100521BDC /* ViewModel */,
				B8DF9381280D989C00521BDC /* View */,
			);
			path = RickAndMorty;
			sourceTree = "<group>";
		};
		B8DF9381280D989C00521BDC /* View */ = {
			isa = PBXGroup;
			children = (
				B88ADB0C280D9947008A057F /* RickAndMortyViewController.swift */,
				B892DB872810303600439DBD /* RickandMortyTableViewCell.swift */,
				B8EBE9D4281AA2B000D9DD19 /* PopupView.swift */,
			);
			path = View;
			sourceTree = "<group>";
		};
		B8DF9382280D98A100521BDC /* ViewModel */ = {
			isa = PBXGroup;
			children = (
				B892DB852810079300439DBD /* RickandMortyViewModel.swift */,
			);
			path = ViewModel;
			sourceTree = "<group>";
		};
		B8DF9383280D98A600521BDC /* Service */ = {
			isa = PBXGroup;
			children = (
				B892DB7B280FF5EF00439DBD /* RickandMortyService.swift */,
			);
			path = Service;
			sourceTree = "<group>";
		};
		B8DF9384280D98AC00521BDC /* Core */ = {
			isa = PBXGroup;
			children = (
				B8DF9379280D988100521BDC /* Info.plist */,
				B8DF9374280D988100521BDC /* Assets.xcassets */,
				B8DF9376280D988100521BDC /* LaunchScreen.storyboard */,
				B8DF936D280D988000521BDC /* SceneDelegate.swift */,
				B8DF936B280D988000521BDC /* AppDelegate.swift */,
			);
			path = Core;
			sourceTree = "<group>";
		};
		B8EBE9CC28198AD700D9DD19 /* Model */ = {
			isa = PBXGroup;
			children = (
				B8656B9E28195957004B6BE0 /* GraphQL */,
			);
			path = Model;
			sourceTree = "<group>";
		};
		B8EBE9CF2819923A00D9DD19 /* Utils */ = {
			isa = PBXGroup;
			children = (
				B8EBE9D02819924500D9DD19 /* UIView.swift */,
				B8EBE9D2281A8F5B00D9DD19 /* Font.swift */,
			);
			path = Utils;
			sourceTree = "<group>";
		};
/* End PBXGroup section */

/* Begin PBXNativeTarget section */
		B8DF9367280D988000521BDC /* RickAndMorty */ = {
			isa = PBXNativeTarget;
			buildConfigurationList = B8DF937C280D988100521BDC /* Build configuration list for PBXNativeTarget "RickAndMorty" */;
			buildPhases = (
				B8DF9364280D988000521BDC /* Sources */,
				B8DF9365280D988000521BDC /* Frameworks */,
				B8DF9366280D988000521BDC /* Resources */,
				B8656B9D2819581D004B6BE0 /* Generate Apollo GraphQL API */,
			);
			buildRules = (
			);
			dependencies = (
			);
			name = RickAndMorty;
			packageProductDependencies = (
				B88ADB0A280D9937008A057F /* SnapKit */,
				B892DB80281002F500439DBD /* Alamofire */,
				B892DB832810034A00439DBD /* AlamofireImage */,
				B8656B992819570F004B6BE0 /* Apollo */,
			);
			productName = RickAndMorty;
			productReference = B8DF9368280D988000521BDC /* RickAndMorty.app */;
			productType = "com.apple.product-type.application";
		};
/* End PBXNativeTarget section */

/* Begin PBXProject section */
		B8DF9360280D988000521BDC /* Project object */ = {
			isa = PBXProject;
			attributes = {
				BuildIndependentTargetsInParallel = 1;
				LastSwiftUpdateCheck = 1330;
				LastUpgradeCheck = 1330;
				TargetAttributes = {
					B8DF9367280D988000521BDC = {
						CreatedOnToolsVersion = 13.3.1;
					};
				};
			};
			buildConfigurationList = B8DF9363280D988000521BDC /* Build configuration list for PBXProject "RickAndMorty" */;
			compatibilityVersion = "Xcode 13.0";
			developmentRegion = en;
			hasScannedForEncodings = 0;
			knownRegions = (
				en,
				Base,
			);
			mainGroup = B8DF935F280D988000521BDC;
			packageReferences = (
				B88ADB09280D9937008A057F /* XCRemoteSwiftPackageReference "SnapKit" */,
				B892DB7F281002F500439DBD /* XCRemoteSwiftPackageReference "Alamofire" */,
				B892DB822810034A00439DBD /* XCRemoteSwiftPackageReference "AlamofireImage" */,
				B8656B982819570E004B6BE0 /* XCRemoteSwiftPackageReference "apollo-ios" */,
			);
			productRefGroup = B8DF9369280D988000521BDC /* Products */;
			projectDirPath = "";
			projectRoot = "";
			targets = (
				B8DF9367280D988000521BDC /* RickAndMorty */,
			);
		};
/* End PBXProject section */

/* Begin PBXResourcesBuildPhase section */
		B8DF9366280D988000521BDC /* Resources */ = {
			isa = PBXResourcesBuildPhase;
			buildActionMask = 2147483647;
			files = (
				B8EBE9C728196B1300D9DD19 /* Queries.graphql in Resources */,
				B8DF9378280D988100521BDC /* LaunchScreen.storyboard in Resources */,
				B8EBE9C528196A9A00D9DD19 /* schema.json in Resources */,
				B8DF9375280D988100521BDC /* Assets.xcassets in Resources */,
			);
			runOnlyForDeploymentPostprocessing = 0;
		};
/* End PBXResourcesBuildPhase section */

/* Begin PBXShellScriptBuildPhase section */
		B8656B9D2819581D004B6BE0 /* Generate Apollo GraphQL API */ = {
			isa = PBXShellScriptBuildPhase;
			buildActionMask = 2147483647;
			files = (
			);
			inputFileListPaths = (
			);
			inputPaths = (
			);
			name = "Generate Apollo GraphQL API";
			outputFileListPaths = (
			);
			outputPaths = (
			);
			runOnlyForDeploymentPostprocessing = 0;
			shellPath = /bin/sh;
			shellScript = "# Don't run this during index builds\nif [ $ACTION = \"indexbuild\" ]; then exit 0; fi\n\n# Go to the build root and search up the chain to find the Derived Data Path where the source packages are checked out.\nDERIVED_DATA_CANDIDATE=\"${BUILD_ROOT}\"\n\nwhile ! [ -d \"${DERIVED_DATA_CANDIDATE}/SourcePackages\" ]; do\n  if [ \"${DERIVED_DATA_CANDIDATE}\" = / ]; then\n    echo >&2 \"error: Unable to locate SourcePackages directory from BUILD_ROOT: '${BUILD_ROOT}'\"\n    exit 1\n  fi\n\n  DERIVED_DATA_CANDIDATE=\"$(dirname \"${DERIVED_DATA_CANDIDATE}\")\"\ndone\n\n# Grab a reference to the directory where scripts are checked out\nSCRIPT_PATH=\"${DERIVED_DATA_CANDIDATE}/SourcePackages/checkouts/apollo-ios/scripts\"\n\nif [ -z \"${SCRIPT_PATH}\" ]; then\n    echo >&2 \"error: Couldn't find the CLI script in your checked out SPM packages; make sure to add the framework to your project.\"\n    exit 1\nfi\n\ncd \"${SRCROOT}/${TARGET_NAME}\"\n\"${SCRIPT_PATH}\"/run-bundled-codegen.sh codegen:generate --target=swift --includes=./**/*.graphql --localSchemaFile=\"schema.json\" API.swift\n";
		};
/* End PBXShellScriptBuildPhase section */

/* Begin PBXSourcesBuildPhase section */
		B8DF9364280D988000521BDC /* Sources */ = {
			isa = PBXSourcesBuildPhase;
			buildActionMask = 2147483647;
			files = (
				B8EBE9D12819924500D9DD19 /* UIView.swift in Sources */,
				B8EBE9D3281A8F5B00D9DD19 /* Font.swift in Sources */,
				B8DF936C280D988000521BDC /* AppDelegate.swift in Sources */,
				B892DB7C280FF5EF00439DBD /* RickandMortyService.swift in Sources */,
				B892DB882810303600439DBD /* RickandMortyTableViewCell.swift in Sources */,
				B8EBE9CB28196CA200D9DD19 /* Apollo.swift in Sources */,
				B88ADB0D280D9947008A057F /* RickAndMortyViewController.swift in Sources */,
				B892DB862810079300439DBD /* RickandMortyViewModel.swift in Sources */,
				B8EBE9D5281AA2B000D9DD19 /* PopupView.swift in Sources */,
				B8EBE9C928196C6200D9DD19 /* API.swift in Sources */,
				B8DF936E280D988000521BDC /* SceneDelegate.swift in Sources */,
			);
			runOnlyForDeploymentPostprocessing = 0;
		};
/* End PBXSourcesBuildPhase section */

/* Begin PBXVariantGroup section */
		B8DF9376280D988100521BDC /* LaunchScreen.storyboard */ = {
			isa = PBXVariantGroup;
			children = (
				B8DF9377280D988100521BDC /* Base */,
			);
			name = LaunchScreen.storyboard;
			sourceTree = "<group>";
		};
/* End PBXVariantGroup section */

/* Begin XCBuildConfiguration section */
		B8DF937A280D988100521BDC /* Debug */ = {
			isa = XCBuildConfiguration;
			buildSettings = {
				ALWAYS_SEARCH_USER_PATHS = NO;
				CLANG_ANALYZER_NONNULL = YES;
				CLANG_ANALYZER_NUMBER_OBJECT_CONVERSION = YES_AGGRESSIVE;
				CLANG_CXX_LANGUAGE_STANDARD = "gnu++17";
				CLANG_ENABLE_MODULES = YES;
				CLANG_ENABLE_OBJC_ARC = YES;
				CLANG_ENABLE_OBJC_WEAK = YES;
				CLANG_WARN_BLOCK_CAPTURE_AUTORELEASING = YES;
				CLANG_WARN_BOOL_CONVERSION = YES;
				CLANG_WARN_COMMA = YES;
				CLANG_WARN_CONSTANT_CONVERSION = YES;
				CLANG_WARN_DEPRECATED_OBJC_IMPLEMENTATIONS = YES;
				CLANG_WARN_DIRECT_OBJC_ISA_USAGE = YES_ERROR;
				CLANG_WARN_DOCUMENTATION_COMMENTS = YES;
				CLANG_WARN_EMPTY_BODY = YES;
				CLANG_WARN_ENUM_CONVERSION = YES;
				CLANG_WARN_INFINITE_RECURSION = YES;
				CLANG_WARN_INT_CONVERSION = YES;
				CLANG_WARN_NON_LITERAL_NULL_CONVERSION = YES;
				CLANG_WARN_OBJC_IMPLICIT_RETAIN_SELF = YES;
				CLANG_WARN_OBJC_LITERAL_CONVERSION = YES;
				CLANG_WARN_OBJC_ROOT_CLASS = YES_ERROR;
				CLANG_WARN_QUOTED_INCLUDE_IN_FRAMEWORK_HEADER = YES;
				CLANG_WARN_RANGE_LOOP_ANALYSIS = YES;
				CLANG_WARN_STRICT_PROTOTYPES = YES;
				CLANG_WARN_SUSPICIOUS_MOVE = YES;
				CLANG_WARN_UNGUARDED_AVAILABILITY = YES_AGGRESSIVE;
				CLANG_WARN_UNREACHABLE_CODE = YES;
				CLANG_WARN__DUPLICATE_METHOD_MATCH = YES;
				COPY_PHASE_STRIP = NO;
				DEBUG_INFORMATION_FORMAT = dwarf;
				ENABLE_STRICT_OBJC_MSGSEND = YES;
				ENABLE_TESTABILITY = YES;
				GCC_C_LANGUAGE_STANDARD = gnu11;
				GCC_DYNAMIC_NO_PIC = NO;
				GCC_NO_COMMON_BLOCKS = YES;
				GCC_OPTIMIZATION_LEVEL = 0;
				GCC_PREPROCESSOR_DEFINITIONS = (
					"DEBUG=1",
					"$(inherited)",
				);
				GCC_WARN_64_TO_32_BIT_CONVERSION = YES;
				GCC_WARN_ABOUT_RETURN_TYPE = YES_ERROR;
				GCC_WARN_UNDECLARED_SELECTOR = YES;
				GCC_WARN_UNINITIALIZED_AUTOS = YES_AGGRESSIVE;
				GCC_WARN_UNUSED_FUNCTION = YES;
				GCC_WARN_UNUSED_VARIABLE = YES;
				IPHONEOS_DEPLOYMENT_TARGET = 15.0;
				MTL_ENABLE_DEBUG_INFO = INCLUDE_SOURCE;
				MTL_FAST_MATH = YES;
				ONLY_ACTIVE_ARCH = YES;
				SDKROOT = iphoneos;
				SWIFT_ACTIVE_COMPILATION_CONDITIONS = DEBUG;
				SWIFT_OPTIMIZATION_LEVEL = "-Onone";
			};
			name = Debug;
		};
		B8DF937B280D988100521BDC /* Release */ = {
			isa = XCBuildConfiguration;
			buildSettings = {
				ALWAYS_SEARCH_USER_PATHS = NO;
				CLANG_ANALYZER_NONNULL = YES;
				CLANG_ANALYZER_NUMBER_OBJECT_CONVERSION = YES_AGGRESSIVE;
				CLANG_CXX_LANGUAGE_STANDARD = "gnu++17";
				CLANG_ENABLE_MODULES = YES;
				CLANG_ENABLE_OBJC_ARC = YES;
				CLANG_ENABLE_OBJC_WEAK = YES;
				CLANG_WARN_BLOCK_CAPTURE_AUTORELEASING = YES;
				CLANG_WARN_BOOL_CONVERSION = YES;
				CLANG_WARN_COMMA = YES;
				CLANG_WARN_CONSTANT_CONVERSION = YES;
				CLANG_WARN_DEPRECATED_OBJC_IMPLEMENTATIONS = YES;
				CLANG_WARN_DIRECT_OBJC_ISA_USAGE = YES_ERROR;
				CLANG_WARN_DOCUMENTATION_COMMENTS = YES;
				CLANG_WARN_EMPTY_BODY = YES;
				CLANG_WARN_ENUM_CONVERSION = YES;
				CLANG_WARN_INFINITE_RECURSION = YES;
				CLANG_WARN_INT_CONVERSION = YES;
				CLANG_WARN_NON_LITERAL_NULL_CONVERSION = YES;
				CLANG_WARN_OBJC_IMPLICIT_RETAIN_SELF = YES;
				CLANG_WARN_OBJC_LITERAL_CONVERSION = YES;
				CLANG_WARN_OBJC_ROOT_CLASS = YES_ERROR;
				CLANG_WARN_QUOTED_INCLUDE_IN_FRAMEWORK_HEADER = YES;
				CLANG_WARN_RANGE_LOOP_ANALYSIS = YES;
				CLANG_WARN_STRICT_PROTOTYPES = YES;
				CLANG_WARN_SUSPICIOUS_MOVE = YES;
				CLANG_WARN_UNGUARDED_AVAILABILITY = YES_AGGRESSIVE;
				CLANG_WARN_UNREACHABLE_CODE = YES;
				CLANG_WARN__DUPLICATE_METHOD_MATCH = YES;
				COPY_PHASE_STRIP = NO;
				DEBUG_INFORMATION_FORMAT = "dwarf-with-dsym";
				ENABLE_NS_ASSERTIONS = NO;
				ENABLE_STRICT_OBJC_MSGSEND = YES;
				GCC_C_LANGUAGE_STANDARD = gnu11;
				GCC_NO_COMMON_BLOCKS = YES;
				GCC_WARN_64_TO_32_BIT_CONVERSION = YES;
				GCC_WARN_ABOUT_RETURN_TYPE = YES_ERROR;
				GCC_WARN_UNDECLARED_SELECTOR = YES;
				GCC_WARN_UNINITIALIZED_AUTOS = YES_AGGRESSIVE;
				GCC_WARN_UNUSED_FUNCTION = YES;
				GCC_WARN_UNUSED_VARIABLE = YES;
				IPHONEOS_DEPLOYMENT_TARGET = 15.0;
				MTL_ENABLE_DEBUG_INFO = NO;
				MTL_FAST_MATH = YES;
				SDKROOT = iphoneos;
				SWIFT_COMPILATION_MODE = wholemodule;
				SWIFT_OPTIMIZATION_LEVEL = "-O";
				VALIDATE_PRODUCT = YES;
			};
			name = Release;
		};
		B8DF937D280D988100521BDC /* Debug */ = {
			isa = XCBuildConfiguration;
			buildSettings = {
				ASSETCATALOG_COMPILER_APPICON_NAME = AppIcon;
				ASSETCATALOG_COMPILER_GLOBAL_ACCENT_COLOR_NAME = AccentColor;
				CODE_SIGN_STYLE = Automatic;
				CURRENT_PROJECT_VERSION = 1;
				DEVELOPMENT_TEAM = FD6TBLZQF4;
				GENERATE_INFOPLIST_FILE = YES;
				INFOPLIST_FILE = RickAndMorty/Core/Info.plist;
				INFOPLIST_KEY_UIApplicationSupportsIndirectInputEvents = YES;
				INFOPLIST_KEY_UILaunchStoryboardName = LaunchScreen;
				INFOPLIST_KEY_UISupportedInterfaceOrientations_iPad = "UIInterfaceOrientationPortrait UIInterfaceOrientationPortraitUpsideDown UIInterfaceOrientationLandscapeLeft UIInterfaceOrientationLandscapeRight";
				INFOPLIST_KEY_UISupportedInterfaceOrientations_iPhone = "UIInterfaceOrientationPortrait UIInterfaceOrientationLandscapeLeft UIInterfaceOrientationLandscapeRight";
				LD_RUNPATH_SEARCH_PATHS = (
					"$(inherited)",
					"@executable_path/Frameworks",
				);
				MARKETING_VERSION = 1.0;
				PRODUCT_BUNDLE_IDENTIFIER = com.tolgasayan.RickAndMorty;
				PRODUCT_NAME = "$(TARGET_NAME)";
				SWIFT_EMIT_LOC_STRINGS = YES;
				SWIFT_VERSION = 5.0;
				TARGETED_DEVICE_FAMILY = "1,2";
			};
			name = Debug;
		};
		B8DF937E280D988100521BDC /* Release */ = {
			isa = XCBuildConfiguration;
			buildSettings = {
				ASSETCATALOG_COMPILER_APPICON_NAME = AppIcon;
				ASSETCATALOG_COMPILER_GLOBAL_ACCENT_COLOR_NAME = AccentColor;
				CODE_SIGN_STYLE = Automatic;
				CURRENT_PROJECT_VERSION = 1;
				DEVELOPMENT_TEAM = FD6TBLZQF4;
				GENERATE_INFOPLIST_FILE = YES;
				INFOPLIST_FILE = RickAndMorty/Core/Info.plist;
				INFOPLIST_KEY_UIApplicationSupportsIndirectInputEvents = YES;
				INFOPLIST_KEY_UILaunchStoryboardName = LaunchScreen;
				INFOPLIST_KEY_UISupportedInterfaceOrientations_iPad = "UIInterfaceOrientationPortrait UIInterfaceOrientationPortraitUpsideDown UIInterfaceOrientationLandscapeLeft UIInterfaceOrientationLandscapeRight";
				INFOPLIST_KEY_UISupportedInterfaceOrientations_iPhone = "UIInterfaceOrientationPortrait UIInterfaceOrientationLandscapeLeft UIInterfaceOrientationLandscapeRight";
				LD_RUNPATH_SEARCH_PATHS = (
					"$(inherited)",
					"@executable_path/Frameworks",
				);
				MARKETING_VERSION = 1.0;
				PRODUCT_BUNDLE_IDENTIFIER = com.tolgasayan.RickAndMorty;
				PRODUCT_NAME = "$(TARGET_NAME)";
				SWIFT_EMIT_LOC_STRINGS = YES;
				SWIFT_VERSION = 5.0;
				TARGETED_DEVICE_FAMILY = "1,2";
			};
			name = Release;
		};
/* End XCBuildConfiguration section */

/* Begin XCConfigurationList section */
		B8DF9363280D988000521BDC /* Build configuration list for PBXProject "RickAndMorty" */ = {
			isa = XCConfigurationList;
			buildConfigurations = (
				B8DF937A280D988100521BDC /* Debug */,
				B8DF937B280D988100521BDC /* Release */,
			);
			defaultConfigurationIsVisible = 0;
			defaultConfigurationName = Release;
		};
		B8DF937C280D988100521BDC /* Build configuration list for PBXNativeTarget "RickAndMorty" */ = {
			isa = XCConfigurationList;
			buildConfigurations = (
				B8DF937D280D988100521BDC /* Debug */,
				B8DF937E280D988100521BDC /* Release */,
			);
			defaultConfigurationIsVisible = 0;
			defaultConfigurationName = Release;
		};
/* End XCConfigurationList section */

/* Begin XCRemoteSwiftPackageReference section */
		B8656B982819570E004B6BE0 /* XCRemoteSwiftPackageReference "apollo-ios" */ = {
			isa = XCRemoteSwiftPackageReference;
			repositoryURL = "https://github.com/apollographql/apollo-ios.git";
			requirement = {
				kind = upToNextMajorVersion;
				minimumVersion = 0.9.5;
			};
		};
		B88ADB09280D9937008A057F /* XCRemoteSwiftPackageReference "SnapKit" */ = {
			isa = XCRemoteSwiftPackageReference;
			repositoryURL = "https://github.com/SnapKit/SnapKit.git";
			requirement = {
				branch = develop;
				kind = branch;
			};
		};
		B892DB7F281002F500439DBD /* XCRemoteSwiftPackageReference "Alamofire" */ = {
			isa = XCRemoteSwiftPackageReference;
			repositoryURL = "https://github.com/Alamofire/Alamofire.git";
			requirement = {
				kind = upToNextMajorVersion;
				minimumVersion = 5.0.0;
			};
		};
		B892DB822810034A00439DBD /* XCRemoteSwiftPackageReference "AlamofireImage" */ = {
			isa = XCRemoteSwiftPackageReference;
			repositoryURL = "https://github.com/Alamofire/AlamofireImage.git";
			requirement = {
				kind = upToNextMajorVersion;
				minimumVersion = 4.0.0;
			};
		};
/* End XCRemoteSwiftPackageReference section */

/* Begin XCSwiftPackageProductDependency section */
		B8656B992819570F004B6BE0 /* Apollo */ = {
			isa = XCSwiftPackageProductDependency;
			package = B8656B982819570E004B6BE0 /* XCRemoteSwiftPackageReference "apollo-ios" */;
			productName = Apollo;
		};
		B88ADB0A280D9937008A057F /* SnapKit */ = {
			isa = XCSwiftPackageProductDependency;
			package = B88ADB09280D9937008A057F /* XCRemoteSwiftPackageReference "SnapKit" */;
			productName = SnapKit;
		};
		B892DB80281002F500439DBD /* Alamofire */ = {
			isa = XCSwiftPackageProductDependency;
			package = B892DB7F281002F500439DBD /* XCRemoteSwiftPackageReference "Alamofire" */;
			productName = Alamofire;
		};
		B892DB832810034A00439DBD /* AlamofireImage */ = {
			isa = XCSwiftPackageProductDependency;
			package = B892DB822810034A00439DBD /* XCRemoteSwiftPackageReference "AlamofireImage" */;
			productName = AlamofireImage;
		};
/* End XCSwiftPackageProductDependency section */
	};
	rootObject = B8DF9360280D988000521BDC /* Project object */;
}
